<?xml version="1.0" encoding="utf-8"?>
<Project ToolsVersion="4.0" xmlns="http://schemas.microsoft.com/developer/msbuild/2003">
  <ItemGroup>
    <Filter Include="소스 파일">
      <UniqueIdentifier>{4FC737F1-C7A5-4376-A066-2A32D752A2FF}</UniqueIdentifier>
      <Extensions>cpp;c;cc;cxx;c++;cppm;ixx;def;odl;idl;hpj;bat;asm;asmx</Extensions>
    </Filter>
    <Filter Include="헤더 파일">
      <UniqueIdentifier>{93995380-89BD-4b04-88EB-625FBE52EBFB}</UniqueIdentifier>
      <Extensions>h;hh;hpp;hxx;h++;hm;inl;inc;ipp;xsd</Extensions>
    </Filter>
    <Filter Include="리소스 파일">
      <UniqueIdentifier>{67DA6AB6-F800-4c08-8B7A-83BB121AAD01}</UniqueIdentifier>
      <Extensions>rc;ico;cur;bmp;dlg;rc2;rct;bin;rgs;gif;jpg;jpeg;jpe;resx;tiff;tif;png;wav;mfcribbon-ms</Extensions>
    </Filter>
    <Filter Include="2D Framework">
      <UniqueIdentifier>{8b0c4e35-7e2f-4a74-83bb-e0db2d424e97}</UniqueIdentifier>
    </Filter>
    <Filter Include="2D Framework\Manager">
      <UniqueIdentifier>{73a7dbf2-cbe7-40e3-86b0-8e06a49626a9}</UniqueIdentifier>
    </Filter>
    <Filter Include="MainGame">
      <UniqueIdentifier>{76040367-e9ec-435c-8de8-182b0e7703ca}</UniqueIdentifier>
    </Filter>
    <Filter Include="2D Framework\Timer">
      <UniqueIdentifier>{d7001b95-e035-4255-abd7-0416253c7f80}</UniqueIdentifier>
    </Filter>
    <Filter Include="MainGame\Item">
      <UniqueIdentifier>{ea27fb0e-ec2c-4cd8-9698-2ac7e037387d}</UniqueIdentifier>
    </Filter>
    <Filter Include="MainGame\Stage">
      <UniqueIdentifier>{1b530fb3-6dd6-46f9-97c2-245980ce3d69}</UniqueIdentifier>
    </Filter>
    <Filter Include="MainGame\Player">
      <UniqueIdentifier>{f3fc1883-7150-4751-afd7-825120884e55}</UniqueIdentifier>
    </Filter>
    <Filter Include="MainGame\Monster">
      <UniqueIdentifier>{573ea223-4e6d-49c4-b6df-573683a765bf}</UniqueIdentifier>
    </Filter>
    <Filter Include="MainGame\Tilte">
      <UniqueIdentifier>{706cb441-4046-4339-a016-95a5dfe9d76c}</UniqueIdentifier>
    </Filter>
    <Filter Include="MainGame\Monster\Kong">
      <UniqueIdentifier>{422222e5-13a3-4b39-bb88-48b23d0a13f4}</UniqueIdentifier>
    </Filter>
    <Filter Include="MainGame\Monster\Monkey">
      <UniqueIdentifier>{c28d8163-04d6-4bf6-bb38-9c6609ead7f6}</UniqueIdentifier>
    </Filter>
    <Filter Include="MainGame\Observer">
      <UniqueIdentifier>{3b2ff5b8-6fa2-4dde-9fd2-69b392a8f63a}</UniqueIdentifier>
    </Filter>
    <Filter Include="MainGame\Monster\Ent">
      <UniqueIdentifier>{0e158ece-5918-4a20-a9d7-f50002846171}</UniqueIdentifier>
    </Filter>
    <Filter Include="MainGame\TrapManager">
      <UniqueIdentifier>{18eed0a5-12c6-4890-848f-faa29b454979}</UniqueIdentifier>
    </Filter>
    <Filter Include="MainGame\Player\Inventory">
      <UniqueIdentifier>{4cf0208a-eca5-4b92-8d0b-0d5501ed07e0}</UniqueIdentifier>
    </Filter>
  </ItemGroup>
  <ItemGroup>
    <ClCompile Include="main.cpp">
      <Filter>소스 파일</Filter>
    </ClCompile>
    <ClCompile Include="GameEntity.cpp">
      <Filter>2D Framework</Filter>
    </ClCompile>
    <ClCompile Include="GameObject.cpp">
      <Filter>2D Framework</Filter>
    </ClCompile>
    <ClCompile Include="KeyManager.cpp">
      <Filter>2D Framework\Manager</Filter>
    </ClCompile>
    <ClCompile Include="SceneManager.cpp">
      <Filter>2D Framework\Manager</Filter>
    </ClCompile>
    <ClCompile Include="Image.cpp">
      <Filter>2D Framework</Filter>
    </ClCompile>
    <ClCompile Include="ImageManager.cpp">
      <Filter>2D Framework\Manager</Filter>
    </ClCompile>
    <ClCompile Include="Timer.cpp">
      <Filter>2D Framework\Timer</Filter>
    </ClCompile>
    <ClCompile Include="TimerManager.cpp">
      <Filter>2D Framework\Manager</Filter>
    </ClCompile>
    <ClCompile Include="TitleScene.cpp">
      <Filter>MainGame\Tilte</Filter>
    </ClCompile>
    <ClCompile Include="MainGame.cpp">
      <Filter>MainGame</Filter>
    </ClCompile>
    <ClCompile Include="GameManager.cpp">
      <Filter>2D Framework\Manager</Filter>
    </ClCompile>
    <ClCompile Include="ItemManager.cpp">
      <Filter>MainGame\Item</Filter>
    </ClCompile>
    <ClCompile Include="Item.cpp">
      <Filter>MainGame\Item</Filter>
    </ClCompile>
    <ClCompile Include="ItemFactory.cpp">
      <Filter>MainGame\Item</Filter>
    </ClCompile>
    <ClCompile Include="StageScene.cpp">
      <Filter>MainGame\Stage</Filter>
    </ClCompile>
    <ClCompile Include="CameraManager.cpp">
      <Filter>2D Framework\Manager</Filter>
    </ClCompile>
    <ClCompile Include="Player.cpp">
      <Filter>MainGame\Player</Filter>
    </ClCompile>
    <ClCompile Include="MapColliderManager.cpp">
      <Filter>2D Framework\Manager</Filter>
    </ClCompile>
    <ClCompile Include="Extern.cpp">
      <Filter>헤더 파일</Filter>
    </ClCompile>
    <ClCompile Include="MonsterManager.cpp">
      <Filter>MainGame\Monster</Filter>
    </ClCompile>
    <ClCompile Include="Kong.cpp">
      <Filter>MainGame\Monster\Kong</Filter>
    </ClCompile>
    <ClCompile Include="KongAmmo.cpp">
      <Filter>MainGame\Monster\Kong</Filter>
    </ClCompile>
    <ClCompile Include="Monkey.cpp">
      <Filter>MainGame\Monster\Monkey</Filter>
    </ClCompile>
    <ClCompile Include="InputManager.cpp">
      <Filter>2D Framework\Manager</Filter>
    </ClCompile>
    <ClCompile Include="Observer.cpp">
      <Filter>MainGame\Observer</Filter>
    </ClCompile>
    <ClCompile Include="Subject.cpp">
      <Filter>MainGame\Observer</Filter>
    </ClCompile>
    <ClCompile Include="Ent.cpp">
      <Filter>MainGame\Monster\Ent</Filter>
    </ClCompile>
    <ClCompile Include="EntAmmo.cpp">
      <Filter>MainGame\Monster\Ent</Filter>
    </ClCompile>
    <ClCompile Include="AmmoManager.cpp">
      <Filter>MainGame\Monster</Filter>
    </ClCompile>
    <ClCompile Include="TrapManager.cpp">
      <Filter>MainGame\TrapManager</Filter>
    </ClCompile>
    <ClCompile Include="Trap.cpp">
      <Filter>MainGame\TrapManager</Filter>
    </ClCompile>
    <ClCompile Include="stdafx.cpp">
      <Filter>소스 파일</Filter>
    </ClCompile>
    <ClCompile Include="CollisionManager.cpp">
      <Filter>2D Framework\Manager</Filter>
    </ClCompile>
    <ClCompile Include="KongAmmoManager.cpp">
      <Filter>MainGame\Monster\Kong</Filter>
    </ClCompile>
    <ClCompile Include="EntAmmoManager.cpp">
      <Filter>MainGame\Monster\Ent</Filter>
    </ClCompile>
    <ClCompile Include="ParticleManager.cpp">
      <Filter>2D Framework\Manager</Filter>
    </ClCompile>
    <ClCompile Include="Platform.cpp">
      <Filter>MainGame\TrapManager</Filter>
    </ClCompile>
    <ClCompile Include="Inventory.cpp">
      <Filter>MainGame\Player\Inventory</Filter>
    </ClCompile>
    <ClCompile Include="TestItem.cpp">
      <Filter>MainGame\Item</Filter>
    </ClCompile>
  </ItemGroup>
  <ItemGroup>
    <ClInclude Include="Config.h">
      <Filter>헤더 파일</Filter>
    </ClInclude>
    <ClInclude Include="GameEntity.h">
      <Filter>2D Framework</Filter>
    </ClInclude>
    <ClInclude Include="GameObject.h">
      <Filter>2D Framework</Filter>
    </ClInclude>
    <ClInclude Include="KeyManager.h">
      <Filter>2D Framework\Manager</Filter>
    </ClInclude>
    <ClInclude Include="SceneManager.h">
      <Filter>2D Framework\Manager</Filter>
    </ClInclude>
    <ClInclude Include="Singleton.h">
      <Filter>2D Framework\Manager</Filter>
    </ClInclude>
    <ClInclude Include="MainGame.h">
      <Filter>MainGame</Filter>
    </ClInclude>
    <ClInclude Include="Image.h">
      <Filter>2D Framework</Filter>
    </ClInclude>
    <ClInclude Include="ImageManager.h">
      <Filter>2D Framework\Manager</Filter>
    </ClInclude>
    <ClInclude Include="Timer.h">
      <Filter>2D Framework\Timer</Filter>
    </ClInclude>
    <ClInclude Include="TimerManager.h">
      <Filter>2D Framework\Manager</Filter>
    </ClInclude>
    <ClInclude Include="TitleScene.h">
      <Filter>MainGame\Tilte</Filter>
    </ClInclude>
    <ClInclude Include="GameManager.h">
      <Filter>2D Framework\Manager</Filter>
    </ClInclude>
    <ClInclude Include="ItemManager.h">
      <Filter>MainGame\Item</Filter>
    </ClInclude>
    <ClInclude Include="Item.h">
      <Filter>MainGame\Item</Filter>
    </ClInclude>
    <ClInclude Include="ItemFactory.h">
      <Filter>MainGame\Item</Filter>
    </ClInclude>
    <ClInclude Include="StageScene.h">
      <Filter>MainGame\Stage</Filter>
    </ClInclude>
    <ClInclude Include="CameraManager.h">
      <Filter>2D Framework\Manager</Filter>
    </ClInclude>
    <ClInclude Include="Player.h">
      <Filter>MainGame\Player</Filter>
    </ClInclude>
    <ClInclude Include="MapColliderManager.h">
      <Filter>2D Framework\Manager</Filter>
    </ClInclude>
    <ClInclude Include="Macro.h">
      <Filter>헤더 파일</Filter>
    </ClInclude>
    <ClInclude Include="Common.h">
      <Filter>헤더 파일</Filter>
    </ClInclude>
    <ClInclude Include="Extern.h">
      <Filter>헤더 파일</Filter>
    </ClInclude>
    <ClInclude Include="MonsterManager.h">
      <Filter>MainGame\Monster</Filter>
    </ClInclude>
    <ClInclude Include="Kong.h">
      <Filter>MainGame\Monster\Kong</Filter>
    </ClInclude>
    <ClInclude Include="KongAmmo.h">
      <Filter>MainGame\Monster\Kong</Filter>
    </ClInclude>
    <ClInclude Include="Monkey.h">
      <Filter>MainGame\Monster\Monkey</Filter>
    </ClInclude>
    <ClInclude Include="InputManager.h">
      <Filter>2D Framework\Manager</Filter>
    </ClInclude>
    <ClInclude Include="Subject.h">
      <Filter>MainGame\Observer</Filter>
    </ClInclude>
    <ClInclude Include="Observer.h">
      <Filter>MainGame\Observer</Filter>
    </ClInclude>
    <ClInclude Include="Ent.h">
      <Filter>MainGame\Monster\Ent</Filter>
    </ClInclude>
    <ClInclude Include="EntAmmo.h">
      <Filter>MainGame\Monster\Ent</Filter>
    </ClInclude>
    <ClInclude Include="AmmoManager.h">
      <Filter>MainGame\Monster</Filter>
    </ClInclude>
    <ClInclude Include="TrapManager.h">
      <Filter>MainGame\TrapManager</Filter>
    </ClInclude>
    <ClInclude Include="Trap.h">
      <Filter>MainGame\TrapManager</Filter>
    </ClInclude>
    <ClInclude Include="stdafx.h">
      <Filter>소스 파일</Filter>
    </ClInclude>
    <ClInclude Include="CollisionManager.h">
      <Filter>2D Framework\Manager</Filter>
    </ClInclude>
    <ClInclude Include="CommonFunction.h">
      <Filter>헤더 파일</Filter>
    </ClInclude>
    <ClInclude Include="KongAmmoManager.h">
      <Filter>MainGame\Monster\Kong</Filter>
    </ClInclude>
    <ClInclude Include="EntAmmoManager.h">
      <Filter>MainGame\Monster\Ent</Filter>
    </ClInclude>
    <ClInclude Include="ParticleManager.h">
      <Filter>2D Framework\Manager</Filter>
    </ClInclude>
    <ClInclude Include="Platform.h">
      <Filter>MainGame\TrapManager</Filter>
    </ClInclude>
    <ClInclude Include="Inventory.h">
      <Filter>MainGame\Player\Inventory</Filter>
    </ClInclude>
    <ClInclude Include="TestItem.h">
      <Filter>MainGame\Item</Filter>
    </ClInclude>
  </ItemGroup>
</Project>